
Microsoft Visual Studio Solution File, Format Version 12.00
# Visual Studio Version 17
VisualStudioVersion = 17.5.002.0
MinimumVisualStudioVersion = 10.0.40219.1
Project("{9A19103F-16F7-4668-BE54-9A1E7A4F7556}") = "dev", "dev\dev.csproj", "{DBD48B89-1769-493A-B974-873486CA4950}"
EndProject
Project("{2150E333-8FDC-42A3-9474-1A3956D46DE8}") = "dev (1)", "dev", "{F45D5117-E98A-4BD0-B422-F0C099B9C6AA}"
EndProject
Project("{9A19103F-16F7-4668-BE54-9A1E7A4F7556}") = "dev.Test", "dev\dev.Test\dev.Test.csproj", "{E46B6A19-E733-4D29-9149-DF34BD9E61ED}"
EndProject
Global
	GlobalSection(SolutionConfigurationPlatforms) = preSolution
		Debug|Any CPU = Debug|Any CPU
		Release|Any CPU = Release|Any CPU
	EndGlobalSection
	GlobalSection(ProjectConfigurationPlatforms) = postSolution
		{DBD48B89-1769-493A-B974-873486CA4950}.Debug|Any CPU.ActiveCfg = Debug|Any CPU
		{DBD48B89-1769-493A-B974-873486CA4950}.Debug|Any CPU.Build.0 = Debug|Any CPU
		{DBD48B89-1769-493A-B974-873486CA4950}.Release|Any CPU.ActiveCfg = Release|Any CPU
		{DBD48B89-1769-493A-B974-873486CA4950}.Release|Any CPU.Build.0 = Release|Any CPU
		{E46B6A19-E733-4D29-9149-DF34BD9E61ED}.Debug|Any CPU.ActiveCfg = Debug|Any CPU
		{E46B6A19-E733-4D29-9149-DF34BD9E61ED}.Debug|Any CPU.Build.0 = Debug|Any CPU
		{E46B6A19-E733-4D29-9149-DF34BD9E61ED}.Release|Any CPU.ActiveCfg = Release|Any CPU
		{E46B6A19-E733-4D29-9149-DF34BD9E61ED}.Release|Any CPU.Build.0 = Release|Any CPU
	EndGlobalSection
	GlobalSection(SolutionProperties) = preSolution
		HideSolutionNode = FALSE
	EndGlobalSection
	GlobalSection(NestedProjects) = preSolution
		{E46B6A19-E733-4D29-9149-DF34BD9E61ED} = {F45D5117-E98A-4BD0-B422-F0C099B9C6AA}
	EndGlobalSection
	GlobalSection(ExtensibilityGlobals) = postSolution
		SolutionGuid = {F19A5FFE-10D0-4143-9A8A-E960C4BA8041}
	EndGlobalSection
EndGlobal
